{
  "name": "kissnitrogoodbye",
  "version": "1.0.0",
  "lockfileVersion": 2,
  "requires": true,
  "packages": {
    "": {
      "version": "1.0.0",
      "license": "ISC",
      "dependencies": {
        "eris": "^0.16.1",
        "stop-discord-phishing": "^0.1.0"
      },
      "devDependencies": {
        "@types/node": "^17.0.10",
        "@types/ws": "^8.2.2"
      }
    },
    "node_modules/@types/node": {
      "version": "17.0.10",
      "resolved": "https://registry.npmjs.org/@types/node/-/node-17.0.10.tgz",
      "integrity": "sha512-S/3xB4KzyFxYGCppyDt68yzBU9ysL88lSdIah4D6cptdcltc4NCPCAMc0+PCpg/lLIyC7IPvj2Z52OJWeIUkog==",
      "dev": true
    },
    "node_modules/@types/ws": {
      "version": "8.2.2",
      "resolved": "https://registry.npmjs.org/@types/ws/-/ws-8.2.2.tgz",
      "integrity": "sha512-NOn5eIcgWLOo6qW8AcuLZ7G8PycXu0xTxxkS6Q18VWFxgPUSOwV0pBj2a/4viNZVu25i7RIB7GttdkAIUUXOOg==",
      "dev": true,
      "dependencies": {
        "@types/node": "*"
      }
    },
    "node_modules/eris": {
      "version": "0.16.1",
      "resolved": "https://registry.npmjs.org/eris/-/eris-0.16.1.tgz",
      "integrity": "sha512-fqjgaddSvUlUjA7s85OvZimLrgCwX58Z6FXOIxdNFJdT6XReJ/LOWZKdew2CaalM8BvN2JKzn98HmKYb3zMhKg==",
      "dependencies": {
        "ws": "^8.2.3"
      },
      "engines": {
        "node": ">=10.4.0"
      },
      "optionalDependencies": {
        "opusscript": "^0.0.8",
        "tweetnacl": "^1.0.3"
      }
    },
    "node_modules/follow-redirects": {
      "version": "1.14.7",
      "resolved": "https://registry.npmjs.org/follow-redirects/-/follow-redirects-1.14.7.tgz",
      "integrity": "sha512-+hbxoLbFMbRKDwohX8GkTataGqO6Jb7jGwpAlwgy2bIz25XtRm7KEzJM76R1WiNT5SwZkX4Y75SwBolkpmE7iQ==",
      "funding": [
        {
          "type": "individual",
          "url": "https://github.com/sponsors/RubenVerborgh"
        }
      ],
      "engines": {
        "node": ">=4.0"
      },
      "peerDependenciesMeta": {
        "debug": {
          "optional": true
        }
      }
    },
    "node_modules/opusscript": {
      "version": "0.0.8",
      "resolved": "https://registry.npmjs.org/opusscript/-/opusscript-0.0.8.tgz",
      "integrity": "sha512-VSTi1aWFuCkRCVq+tx/BQ5q9fMnQ9pVZ3JU4UHKqTkf0ED3fKEPdr+gKAAl3IA2hj9rrP6iyq3hlcJq3HELtNQ==",
      "optional": true
    },
    "node_modules/stop-discord-phishing": {
      "version": "0.1.0",
      "resolved": "https://registry.npmjs.org/stop-discord-phishing/-/stop-discord-phishing-0.1.0.tgz",
      "integrity": "sha512-dMxl+0DvrAddOOmHsxQlPGD1Q0kqdsBPZj6SE1j8I9SJy0bAqFfhup0HMHc80dYWdZTxEsO/Jvv1U7C+R1d0rA==",
      "dependencies": {
        "axios": "^0.24.0"
      }
    },
    "node_modules/stop-discord-phishing/node_modules/axios": {
      "version": "0.24.0",
      "resolved": "https://registry.npmjs.org/axios/-/axios-0.24.0.tgz",
      "integrity": "sha512-Q6cWsys88HoPgAaFAVUb0WpPk0O8iTeisR9IMqy9G8AbO4NlpVknrnQS03zzF9PGAWgO3cgletO3VjV/P7VztA==",
      "dependencies": {
        "follow-redirects": "^1.14.4"
      }
    },
    "node_modules/tweetnacl": {
      "version": "1.0.3",
      "resolved": "https://registry.npmjs.org/tweetnacl/-/tweetnacl-1.0.3.tgz",
      "integrity": "sha512-6rt+RN7aOi1nGMyC4Xa5DdYiukl2UWCbcJft7YhxReBGQD7OAM8Pbxw6YMo4r2diNEA8FEmu32YOn9rhaiE5yw==",
      "optional": true
    },
    "node_modules/ws": {
      "version": "8.4.2",
      "resolved": "https://registry.npmjs.org/ws/-/ws-8.4.2.tgz",
      "integrity": "sha512-Kbk4Nxyq7/ZWqr/tarI9yIt/+iNNFOjBXEWgTb4ydaNHBNGgvf2QHbS9fdfsndfjFlFwEd4Al+mw83YkaD10ZA==",
      "engines": {
        "node": ">=10.0.0"
      },
      "peerDependencies": {
        "bufferutil": "^4.0.1",
        "utf-8-validate": "^5.0.2"
      },
      "peerDependenciesMeta": {
        "bufferutil": {
          "optional": true
        },
        "utf-8-validate": {
          "optional": true
        }
      }
    }
  },
  "dependencies": {
    "@types/node": {
      "version": "17.0.10",
      "resolved": "https://registry.npmjs.org/@types/node/-/node-17.0.10.tgz",
      "integrity": "sha512-S/3xB4KzyFxYGCppyDt68yzBU9ysL88lSdIah4D6cptdcltc4NCPCAMc0+PCpg/lLIyC7IPvj2Z52OJWeIUkog==",
      "dev": true
    },
    "@types/ws": {
      "version": "8.2.2",
      "resolved": "https://registry.npmjs.org/@types/ws/-/ws-8.2.2.tgz",
      "integrity": "sha512-NOn5eIcgWLOo6qW8AcuLZ7G8PycXu0xTxxkS6Q18VWFxgPUSOwV0pBj2a/4viNZVu25i7RIB7GttdkAIUUXOOg==",
      "dev": true,
      "requires": {
        "@types/node": "*"
      }
    },
    "eris": {
      "version": "0.16.1",
      "resolved": "https://registry.npmjs.org/eris/-/eris-0.16.1.tgz",
      "integrity": "sha512-fqjgaddSvUlUjA7s85OvZimLrgCwX58Z6FXOIxdNFJdT6XReJ/LOWZKdew2CaalM8BvN2JKzn98HmKYb3zMhKg==",
      "requires": {
        "opusscript": "^0.0.8",
        "tweetnacl": "^1.0.3",
        "ws": "^8.2.3"
      }
    },
    "follow-redirects": {
      "version": "1.14.7",
      "resolved": "https://registry.npmjs.org/follow-redirects/-/follow-redirects-1.14.7.tgz",
      "integrity": "sha512-+hbxoLbFMbRKDwohX8GkTataGqO6Jb7jGwpAlwgy2bIz25XtRm7KEzJM76R1WiNT5SwZkX4Y75SwBolkpmE7iQ=="
    },
    "opusscript": {
      "version": "0.0.8",
      "resolved": "https://registry.npmjs.org/opusscript/-/opusscript-0.0.8.tgz",
      "integrity": "sha512-VSTi1aWFuCkRCVq+tx/BQ5q9fMnQ9pVZ3JU4UHKqTkf0ED3fKEPdr+gKAAl3IA2hj9rrP6iyq3hlcJq3HELtNQ==",
      "optional": true
    },
    "stop-discord-phishing": {
      "version": "0.1.0",
      "resolved": "https://registry.npmjs.org/stop-discord-phishing/-/stop-discord-phishing-0.1.0.tgz",
      "integrity": "sha512-dMxl+0DvrAddOOmHsxQlPGD1Q0kqdsBPZj6SE1j8I9SJy0bAqFfhup0HMHc80dYWdZTxEsO/Jvv1U7C+R1d0rA==",
      "requires": {
        "axios": "^0.24.0"
      },
      "dependencies": {
        "axios": {
          "version": "0.24.0",
          "resolved": "https://registry.npmjs.org/axios/-/axios-0.24.0.tgz",
          "integrity": "sha512-Q6cWsys88HoPgAaFAVUb0WpPk0O8iTeisR9IMqy9G8AbO4NlpVknrnQS03zzF9PGAWgO3cgletO3VjV/P7VztA==",
          "requires": {
            "follow-redirects": "^1.14.4"
          }
        }
      }
    },
    "tweetnacl": {
      "version": "1.0.3",
      "resolved": "https://registry.npmjs.org/tweetnacl/-/tweetnacl-1.0.3.tgz",
      "integrity": "sha512-6rt+RN7aOi1nGMyC4Xa5DdYiukl2UWCbcJft7YhxReBGQD7OAM8Pbxw6YMo4r2diNEA8FEmu32YOn9rhaiE5yw==",
      "optional": true
    },
    "ws": {
      "version": "8.4.2",
      "resolved": "https://registry.npmjs.org/ws/-/ws-8.4.2.tgz",
      "integrity": "sha512-Kbk4Nxyq7/ZWqr/tarI9yIt/+iNNFOjBXEWgTb4ydaNHBNGgvf2QHbS9fdfsndfjFlFwEd4Al+mw83YkaD10ZA==",
      "requires": {}
    }
  }
}
